PODS:
  - app_set_id (1.2.1):
    - Flutter
  - audio_service (0.0.1):
    - Flutter
    - FlutterMacOS
  - audio_session (0.0.1):
    - Flutter
  - background_downloader (0.0.1):
    - Flutter
  - battery_plus (1.0.0):
    - Flutter
  - connectivity_plus (0.0.1):
    - Flutter
  - CropViewController (2.6.1)
  - device_info_plus (0.0.1):
    - Flutter
  - DKCamera (1.6.7)
  - DKImagePickerController (4.3.4):
    - DKImagePickerController/Camera (= 4.3.4)
    - DKImagePickerController/Core (= 4.3.4)
    - DKImagePickerController/ImageDataManager (= 4.3.4)
    - DKImagePickerController/InlineCamera (= 4.3.4)
    - DKImagePickerController/PhotoEditor (= 4.3.4)
    - DKImagePickerController/PhotoGallery (= 4.3.4)
    - DKImagePickerController/Resource (= 4.3.4)
  - DKImagePickerController/Camera (4.3.4):
    - DKCamera
    - DKImagePickerController/Core
  - DKImagePickerController/Core (4.3.4):
    - DKImagePickerController/ImageDataManager
    - DKImagePickerController/Resource
  - DKImagePickerController/ImageDataManager (4.3.4)
  - DKImagePickerController/InlineCamera (4.3.4):
    - DKCamera
    - DKImagePickerController/Core
  - DKImagePickerController/PhotoEditor (4.3.4):
    - CropViewController (~> 2.5)
    - DKImagePickerController/Core
  - DKImagePickerController/PhotoGallery (4.3.4):
    - DKImagePickerController/Core
    - DKPhotoGallery
  - DKImagePickerController/Resource (4.3.4)
  - DKPhotoGallery (0.0.17):
    - DKPhotoGallery/Core (= 0.0.17)
    - DKPhotoGallery/Model (= 0.0.17)
    - DKPhotoGallery/Preview (= 0.0.17)
    - DKPhotoGallery/Resource (= 0.0.17)
    - SDWebImage
    - SwiftyGif
  - DKPhotoGallery/Core (0.0.17):
    - DKPhotoGallery/Model
    - DKPhotoGallery/Preview
    - SDWebImage
    - SwiftyGif
  - DKPhotoGallery/Model (0.0.17):
    - SDWebImage
    - SwiftyGif
  - DKPhotoGallery/Preview (0.0.17):
    - DKPhotoGallery/Model
    - DKPhotoGallery/Resource
    - SDWebImage
    - SwiftyGif
  - DKPhotoGallery/Resource (0.0.17):
    - SDWebImage
    - SwiftyGif
  - file_picker (0.0.1):
    - DKImagePickerController/PhotoGallery
    - Flutter
  - Flutter (1.0.0)
  - flutter_to_airplay (0.0.1):
    - Flutter
    - Mux-Stats-AVPlayer
  - gaimon (0.0.1):
    - Flutter
  - isar_flutter_libs (1.0.0):
    - Flutter
  - just_audio (0.0.1):
    - Flutter
    - FlutterMacOS
  - Mux-Stats-AVPlayer (3.5.1):
    - Mux-Stats-Core (= 4.6.0)
  - Mux-Stats-Core (4.6.0)
  - package_info_plus (0.4.5):
    - Flutter
  - path_provider_foundation (0.0.1):
    - Flutter
    - FlutterMacOS
  - permission_handler_apple (9.3.0):
    - Flutter
  - SDWebImage (5.18.2):
    - SDWebImage/Core (= 5.18.2)
  - SDWebImage/Core (5.18.2)
  - share_plus (0.0.1):
    - Flutter
  - sqflite_darwin (0.0.4):
    - Flutter
    - FlutterMacOS
  - SwiftyGif (5.4.4)
  - url_launcher_ios (0.0.1):
    - Flutter
  - wakelock_plus (0.0.1):
    - Flutter

DEPENDENCIES:
  - app_set_id (from `.symlinks/plugins/app_set_id/ios`)
  - audio_service (from `.symlinks/plugins/audio_service/darwin`)
  - audio_session (from `.symlinks/plugins/audio_session/ios`)
  - background_downloader (from `.symlinks/plugins/background_downloader/ios`)
  - battery_plus (from `.symlinks/plugins/battery_plus/ios`)
  - connectivity_plus (from `.symlinks/plugins/connectivity_plus/ios`)
  - device_info_plus (from `.symlinks/plugins/device_info_plus/ios`)
  - DKImagePickerController (= 4.3.4)
  - file_picker (from `.symlinks/plugins/file_picker/ios`)
  - Flutter (from `Flutter`)
  - flutter_to_airplay (from `.symlinks/plugins/flutter_to_airplay/ios`)
  - gaimon (from `.symlinks/plugins/gaimon/ios`)
  - isar_flutter_libs (from `.symlinks/plugins/isar_flutter_libs/ios`)
  - just_audio (from `.symlinks/plugins/just_audio/darwin`)
  - package_info_plus (from `.symlinks/plugins/package_info_plus/ios`)
  - path_provider_foundation (from `.symlinks/plugins/path_provider_foundation/darwin`)
  - permission_handler_apple (from `.symlinks/plugins/permission_handler_apple/ios`)
  - share_plus (from `.symlinks/plugins/share_plus/ios`)
  - sqflite_darwin (from `.symlinks/plugins/sqflite_darwin/darwin`)
  - url_launcher_ios (from `.symlinks/plugins/url_launcher_ios/ios`)
  - wakelock_plus (from `.symlinks/plugins/wakelock_plus/ios`)

SPEC REPOS:
  trunk:
    - CropViewController
    - DKCamera
    - DKImagePickerController
    - DKPhotoGallery
    - Mux-Stats-AVPlayer
    - Mux-Stats-Core
    - SDWebImage
    - SwiftyGif

EXTERNAL SOURCES:
  app_set_id:
    :path: ".symlinks/plugins/app_set_id/ios"
  audio_service:
    :path: ".symlinks/plugins/audio_service/darwin"
  audio_session:
    :path: ".symlinks/plugins/audio_session/ios"
  background_downloader:
    :path: ".symlinks/plugins/background_downloader/ios"
  battery_plus:
    :path: ".symlinks/plugins/battery_plus/ios"
  connectivity_plus:
    :path: ".symlinks/plugins/connectivity_plus/ios"
  device_info_plus:
    :path: ".symlinks/plugins/device_info_plus/ios"
  file_picker:
    :path: ".symlinks/plugins/file_picker/ios"
  Flutter:
    :path: Flutter
  flutter_to_airplay:
    :path: ".symlinks/plugins/flutter_to_airplay/ios"
  gaimon:
    :path: ".symlinks/plugins/gaimon/ios"
  isar_flutter_libs:
    :path: ".symlinks/plugins/isar_flutter_libs/ios"
  just_audio:
    :path: ".symlinks/plugins/just_audio/darwin"
  package_info_plus:
    :path: ".symlinks/plugins/package_info_plus/ios"
  path_provider_foundation:
    :path: ".symlinks/plugins/path_provider_foundation/darwin"
  permission_handler_apple:
    :path: ".symlinks/plugins/permission_handler_apple/ios"
  share_plus:
    :path: ".symlinks/plugins/share_plus/ios"
  sqflite_darwin:
    :path: ".symlinks/plugins/sqflite_darwin/darwin"
  url_launcher_ios:
    :path: ".symlinks/plugins/url_launcher_ios/ios"
  wakelock_plus:
    :path: ".symlinks/plugins/wakelock_plus/ios"

SPEC CHECKSUMS:
  app_set_id: e0349a05a0ecc6d5c937d42869aa941f90801c9c
  audio_service: cab6c1a0eaf01b5a35b567e11fa67d3cc1956910
  audio_session: 19e9480dbdd4e5f6c4543826b2e8b0e4ab6145fe
  background_downloader: 3ca0e156ad83a9fc1c8300f5f7c38e94e2d0bf51
  battery_plus: 34f72fa2afeeea83bbae306c72a25828d3ec727a
  connectivity_plus: 2a701ffec2c0ae28a48cf7540e279787e77c447d
  CropViewController: 58fb440f30dac788b129d2a1f24cffdcb102669c
  device_info_plus: bf2e3232933866d73fe290f2942f2156cdd10342
  DKCamera: a902b66921fca14b7a75266feb8c7568aa7caa71
  DKImagePickerController: b512c28220a2b8ac7419f21c491fc8534b7601ac
  DKPhotoGallery: fdfad5125a9fdda9cc57df834d49df790dbb4179
  file_picker: b159e0c068aef54932bb15dc9fd1571818edaf49
  Flutter: e0871f40cf51350855a761d2e70bf5af5b9b5de7
  flutter_to_airplay: 3194fe6e4ca6ba1d9529c3c4194c32b9610d990f
  gaimon: 266fec2cd27726df54a6694c14fc9e3f2a415c33
  isar_flutter_libs: b69f437aeab9c521821c3f376198c4371fa21073
  just_audio: a42c63806f16995daf5b219ae1d679deb76e6a79
  Mux-Stats-AVPlayer: 1b1a877e5d8b57ca22e0717fa0a4eefef7529c40
  Mux-Stats-Core: 53902e414f077b2239ea10d909a4cf072c0d4d5c
  package_info_plus: c0502532a26c7662a62a356cebe2692ec5fe4ec4
  path_provider_foundation: 2b6b4c569c0fb62ec74538f866245ac84301af46
  permission_handler_apple: 9878588469a2b0d0fc1e048d9f43605f92e6cec2
  SDWebImage: c0de394d7cf7f9838aed1fd6bb6037654a4572e4
  share_plus: 8b6f8b3447e494cca5317c8c3073de39b3600d1f
  sqflite_darwin: 5a7236e3b501866c1c9befc6771dfd73ffb8702d
  SwiftyGif: 93a1cc87bf3a51916001cf8f3d63835fb64c819f
  url_launcher_ios: 5334b05cef931de560670eeae103fd3e431ac3fe
  wakelock_plus: 373cfe59b235a6dd5837d0fb88791d2f13a90d56

PODFILE CHECKSUM: 047c0919aa274fcdf0ce568f883473a4587eda02

COCOAPODS: 1.16.2
